// !$*UTF8*$!
{
	archiveVersion = 1;
	classes = {
	};
	objectVersion = 46;
	objects = {

/* Begin PBXBuildFile section */
		8A7B5D7A1EE0D4D100103B9B /* main.cpp in Sources */ = {isa = PBXBuildFile; fileRef = 8A7B5D791EE0D4D100103B9B /* main.cpp */; };
		8A7B5D821EE0D4F300103B9B /* Movie.cpp in Sources */ = {isa = PBXBuildFile; fileRef = 8A7B5D801EE0D4F300103B9B /* Movie.cpp */; };
		8A7B5D851EE0D51B00103B9B /* Theater.cpp in Sources */ = {isa = PBXBuildFile; fileRef = 8A7B5D831EE0D51B00103B9B /* Theater.cpp */; };
/* End PBXBuildFile section */

/* Begin PBXCopyFilesBuildPhase section */
		8A7B5D741EE0D4D000103B9B /* CopyFiles */ = {
			isa = PBXCopyFilesBuildPhase;
			buildActionMask = 2147483647;
			dstPath = /usr/share/man/man1/;
			dstSubfolderSpec = 0;
			files = (
			);
			runOnlyForDeploymentPostprocessing = 1;
		};
/* End PBXCopyFilesBuildPhase section */

/* Begin PBXFileReference section */
		8A7B5D761EE0D4D100103B9B /* Exam1 */ = {isa = PBXFileReference; explicitFileType = "compiled.mach-o.executable"; includeInIndex = 0; path = Exam1; sourceTree = BUILT_PRODUCTS_DIR; };
		8A7B5D791EE0D4D100103B9B /* main.cpp */ = {isa = PBXFileReference; lastKnownFileType = sourcecode.cpp.cpp; path = main.cpp; sourceTree = "<group>"; };
		8A7B5D801EE0D4F300103B9B /* Movie.cpp */ = {isa = PBXFileReference; fileEncoding = 4; lastKnownFileType = sourcecode.cpp.cpp; path = Movie.cpp; sourceTree = "<group>"; };
		8A7B5D811EE0D4F300103B9B /* Movie.hpp */ = {isa = PBXFileReference; fileEncoding = 4; lastKnownFileType = sourcecode.cpp.h; path = Movie.hpp; sourceTree = "<group>"; };
		8A7B5D831EE0D51B00103B9B /* Theater.cpp */ = {isa = PBXFileReference; fileEncoding = 4; lastKnownFileType = sourcecode.cpp.cpp; path = Theater.cpp; sourceTree = "<group>"; };
		8A7B5D841EE0D51B00103B9B /* Theater.hpp */ = {isa = PBXFileReference; fileEncoding = 4; lastKnownFileType = sourcecode.cpp.h; path = Theater.hpp; sourceTree = "<group>"; };
/* End PBXFileReference section */

/* Begin PBXFrameworksBuildPhase section */
		8A7B5D731EE0D4D000103B9B /* Frameworks */ = {
			isa = PBXFrameworksBuildPhase;
			buildActionMask = 2147483647;
			files = (
			);
			runOnlyForDeploymentPostprocessing = 0;
		};
/* End PBXFrameworksBuildPhase section */

/* Begin PBXGroup section */
		8A7B5D6D1EE0D4D000103B9B = {
			isa = PBXGroup;
			children = (
				8A7B5D781EE0D4D100103B9B /* Exam1 */,
				8A7B5D771EE0D4D100103B9B /* Products */,
			);
			sourceTree = "<group>";
		};
		8A7B5D771EE0D4D100103B9B /* Products */ = {
			isa = PBXGroup;
			children = (
				8A7B5D761EE0D4D100103B9B /* Exam1 */,
			);
			name = Products;
			sourceTree = "<group>";
		};
		8A7B5D781EE0D4D100103B9B /* Exam1 */ = {
			isa = PBXGroup;
			children = (
				8A7B5D791EE0D4D100103B9B /* main.cpp */,
				8A7B5D801EE0D4F300103B9B /* Movie.cpp */,
				8A7B5D811EE0D4F300103B9B /* Movie.hpp */,
				8A7B5D831EE0D51B00103B9B /* Theater.cpp */,
				8A7B5D841EE0D51B00103B9B /* Theater.hpp */,
			);
			path = Exam1;
			sourceTree = "<group>";
		};
/* End PBXGroup section */

/* Begin PBXNativeTarget section */
		8A7B5D751EE0D4D000103B9B /* Exam1 */ = {
			isa = PBXNativeTarget;
			buildConfigurationList = 8A7B5D7D1EE0D4D100103B9B /* Build configuration list for PBXNativeTarget "Exam1" */;
			buildPhases = (
				8A7B5D721EE0D4D000103B9B /* Sources */,
				8A7B5D731EE0D4D000103B9B /* Frameworks */,
				8A7B5D741EE0D4D000103B9B /* CopyFiles */,
			);
			buildRules = (
			);
			dependencies = (
			);
			name = Exam1;
			productName = Exam1;
			productReference = 8A7B5D761EE0D4D100103B9B /* Exam1 */;
			productType = "com.apple.product-type.tool";
		};
/* End PBXNativeTarget section */

/* Begin PBXProject section */
		8A7B5D6E1EE0D4D000103B9B /* Project object */ = {
			isa = PBXProject;
			attributes = {
				LastUpgradeCheck = 0820;
				ORGANIZATIONNAME = Josiah;
				TargetAttributes = {
					8A7B5D751EE0D4D000103B9B = {
						CreatedOnToolsVersion = 8.2.1;
						ProvisioningStyle = Automatic;
					};
				};
			};
			buildConfigurationList = 8A7B5D711EE0D4D000103B9B /* Build configuration list for PBXProject "Exam1" */;
			compatibilityVersion = "Xcode 3.2";
			developmentRegion = English;
			hasScannedForEncodings = 0;
			knownRegions = (
				en,
			);
			mainGroup = 8A7B5D6D1EE0D4D000103B9B;
			productRefGroup = 8A7B5D771EE0D4D100103B9B /* Products */;
			projectDirPath = "";
			projectRoot = "";
			targets = (
				8A7B5D751EE0D4D000103B9B /* Exam1 */,
			);
		};
/* End PBXProject section */

/* Begin PBXSourcesBuildPhase section */
		8A7B5D721EE0D4D000103B9B /* Sources */ = {
			isa = PBXSourcesBuildPhase;
			buildActionMask = 2147483647;
			files = (
				8A7B5D821EE0D4F300103B9B /* Movie.cpp in Sources */,
				8A7B5D851EE0D51B00103B9B /* Theater.cpp in Sources */,
				8A7B5D7A1EE0D4D100103B9B /* main.cpp in Sources */,
			);
			runOnlyForDeploymentPostprocessing = 0;
		};
/* End PBXSourcesBuildPhase section */

/* Begin XCBuildConfiguration section */
		8A7B5D7B1EE0D4D100103B9B /* Debug */ = {
			isa = XCBuildConfiguration;
			buildSettings = {
				ALWAYS_SEARCH_USER_PATHS = NO;
				CLANG_ANALYZER_NONNULL = YES;
				CLANG_CXX_LANGUAGE_STANDARD = "gnu++0x";
				CLANG_CXX_LIBRARY = "libc++";
				CLANG_ENABLE_MODULES = YES;
				CLANG_ENABLE_OBJC_ARC = YES;
				CLANG_WARN_BOOL_CONVERSION = YES;
				CLANG_WARN_CONSTANT_CONVERSION = YES;
				CLANG_WARN_DIRECT_OBJC_ISA_USAGE = YES_ERROR;
				CLANG_WARN_DOCUMENTATION_COMMENTS = YES;
				CLANG_WARN_EMPTY_BODY = YES;
				CLANG_WARN_ENUM_CONVERSION = YES;
				CLANG_WARN_INFINITE_RECURSION = YES;
				CLANG_WARN_INT_CONVERSION = YES;
				CLANG_WARN_OBJC_ROOT_CLASS = YES_ERROR;
				CLANG_WARN_SUSPICIOUS_MOVE = YES;
				CLANG_WARN_UNREACHABLE_CODE = YES;
				CLANG_WARN__DUPLICATE_METHOD_MATCH = YES;
				CODE_SIGN_IDENTITY = "-";
				COPY_PHASE_STRIP = NO;
				DEBUG_INFORMATION_FORMAT = dwarf;
				ENABLE_STRICT_OBJC_MSGSEND = YES;
				ENABLE_TESTABILITY = YES;
				GCC_C_LANGUAGE_STANDARD = gnu99;
				GCC_DYNAMIC_NO_PIC = NO;
				GCC_NO_COMMON_BLOCKS = YES;
				GCC_OPTIMIZATION_LEVEL = 0;
				GCC_PREPROCESSOR_DEFINITIONS = (
					"DEBUG=1",
					"$(inherited)",
				);
				GCC_WARN_64_TO_32_BIT_CONVERSION = YES;
				GCC_WARN_ABOUT_RETURN_TYPE = YES_ERROR;
				GCC_WARN_UNDECLARED_SELECTOR = YES;
				GCC_WARN_UNINITIALIZED_AUTOS = YES_AGGRESSIVE;
				GCC_WARN_UNUSED_FUNCTION = YES;
				GCC_WARN_UNUSED_VARIABLE = YES;
				MACOSX_DEPLOYMENT_TARGET = 10.11;
				MTL_ENABLE_DEBUG_INFO = YES;
				ONLY_ACTIVE_ARCH = YES;
				SDKROOT = macosx;
			};
			name = Debug;
		};
		8A7B5D7C1EE0D4D100103B9B /* Release */ = {
			isa = XCBuildConfiguration;
			buildSettings = {
				ALWAYS_SEARCH_USER_PATHS = NO;
				CLANG_ANALYZER_NONNULL = YES;
				CLANG_CXX_LANGUAGE_STANDARD = "gnu++0x";
				CLANG_CXX_LIBRARY = "libc++";
				CLANG_ENABLE_MODULES = YES;
				CLANG_ENABLE_OBJC_ARC = YES;
				CLANG_WARN_BOOL_CONVERSION = YES;
				CLANG_WARN_CONSTANT_CONVERSION = YES;
				CLANG_WARN_DIRECT_OBJC_ISA_USAGE = YES_ERROR;
				CLANG_WARN_DOCUMENTATION_COMMENTS = YES;
				CLANG_WARN_EMPTY_BODY = YES;
				CLANG_WARN_ENUM_CONVERSION = YES;
				CLANG_WARN_INFINITE_RECURSION = YES;
				CLANG_WARN_INT_CONVERSION = YES;
				CLANG_WARN_OBJC_ROOT_CLASS = YES_ERROR;
				CLANG_WARN_SUSPICIOUS_MOVE = YES;
				CLANG_WARN_UNREACHABLE_CODE = YES;
				CLANG_WARN__DUPLICATE_METHOD_MATCH = YES;
				CODE_SIGN_IDENTITY = "-";
				COPY_PHASE_STRIP = NO;
				DEBUG_INFORMATION_FORMAT = "dwarf-with-dsym";
				ENABLE_NS_ASSERTIONS = NO;
				ENABLE_STRICT_OBJC_MSGSEND = YES;
				GCC_C_LANGUAGE_STANDARD = gnu99;
				GCC_NO_COMMON_BLOCKS = YES;
				GCC_WARN_64_TO_32_BIT_CONVERSION = YES;
				GCC_WARN_ABOUT_RETURN_TYPE = YES_ERROR;
				GCC_WARN_UNDECLARED_SELECTOR = YES;
				GCC_WARN_UNINITIALIZED_AUTOS = YES_AGGRESSIVE;
				GCC_WARN_UNUSED_FUNCTION = YES;
				GCC_WARN_UNUSED_VARIABLE = YES;
				MACOSX_DEPLOYMENT_TARGET = 10.11;
				MTL_ENABLE_DEBUG_INFO = NO;
				SDKROOT = macosx;
			};
			name = Release;
		};
		8A7B5D7E1EE0D4D100103B9B /* Debug */ = {
			isa = XCBuildConfiguration;
			buildSettings = {
				PRODUCT_NAME = "$(TARGET_NAME)";
			};
			name = Debug;
		};
		8A7B5D7F1EE0D4D100103B9B /* Release */ = {
			isa = XCBuildConfiguration;
			buildSettings = {
				PRODUCT_NAME = "$(TARGET_NAME)";
			};
			name = Release;
		};
/* End XCBuildConfiguration section */

/* Begin XCConfigurationList section */
		8A7B5D711EE0D4D000103B9B /* Build configuration list for PBXProject "Exam1" */ = {
			isa = XCConfigurationList;
			buildConfigurations = (
				8A7B5D7B1EE0D4D100103B9B /* Debug */,
				8A7B5D7C1EE0D4D100103B9B /* Release */,
			);
			defaultConfigurationIsVisible = 0;
			defaultConfigurationName = Release;
		};
		8A7B5D7D1EE0D4D100103B9B /* Build configuration list for PBXNativeTarget "Exam1" */ = {
			isa = XCConfigurationList;
			buildConfigurations = (
				8A7B5D7E1EE0D4D100103B9B /* Debug */,
				8A7B5D7F1EE0D4D100103B9B /* Release */,
			);
			defaultConfigurationIsVisible = 0;
		};
/* End XCConfigurationList section */
	};
	rootObject = 8A7B5D6E1EE0D4D000103B9B /* Project object */;
}
